// !$*UTF8*$!
{
	archiveVersion = 1;
	classes = {
	};
	objectVersion = 50;
	objects = {

/* Begin PBXBuildFile section */
		EEBF5BE822B8C91F00A4F317 /* AppDelegate.swift in Sources */ = {isa = PBXBuildFile; fileRef = EEBF5BE722B8C91F00A4F317 /* AppDelegate.swift */; };
		EEBF5BEA22B8C91F00A4F317 /* ViewController.swift in Sources */ = {isa = PBXBuildFile; fileRef = EEBF5BE922B8C91F00A4F317 /* ViewController.swift */; };
		EEBF5BED22B8C91F00A4F317 /* Main.storyboard in Resources */ = {isa = PBXBuildFile; fileRef = EEBF5BEB22B8C91F00A4F317 /* Main.storyboard */; };
		EEBF5BEF22B8C92300A4F317 /* Assets.xcassets in Resources */ = {isa = PBXBuildFile; fileRef = EEBF5BEE22B8C92300A4F317 /* Assets.xcassets */; };
		EEBF5BF222B8C92300A4F317 /* LaunchScreen.storyboard in Resources */ = {isa = PBXBuildFile; fileRef = EEBF5BF022B8C92300A4F317 /* LaunchScreen.storyboard */; };
		EEBF5BFD22B8C92300A4F317 /* unitravelspracTests.swift in Sources */ = {isa = PBXBuildFile; fileRef = EEBF5BFC22B8C92300A4F317 /* unitravelspracTests.swift */; };
		EEBF5C0B22B8CEFD00A4F317 /* SignUpVC.swift in Sources */ = {isa = PBXBuildFile; fileRef = EEBF5C0A22B8CEFD00A4F317 /* SignUpVC.swift */; };
		EEBF5C0C22B8CEFD00A4F317 /* SignUpVC.swift in Sources */ = {isa = PBXBuildFile; fileRef = EEBF5C0A22B8CEFD00A4F317 /* SignUpVC.swift */; };
/* End PBXBuildFile section */

/* Begin PBXContainerItemProxy section */
		EEBF5BF922B8C92300A4F317 /* PBXContainerItemProxy */ = {
			isa = PBXContainerItemProxy;
			containerPortal = EEBF5BDC22B8C91F00A4F317 /* Project object */;
			proxyType = 1;
			remoteGlobalIDString = EEBF5BE322B8C91F00A4F317;
			remoteInfo = unitravelsprac;
		};
/* End PBXContainerItemProxy section */

/* Begin PBXFileReference section */
		EEBF5BE422B8C91F00A4F317 /* unitravelsprac.app */ = {isa = PBXFileReference; explicitFileType = wrapper.application; includeInIndex = 0; path = unitravelsprac.app; sourceTree = BUILT_PRODUCTS_DIR; };
		EEBF5BE722B8C91F00A4F317 /* AppDelegate.swift */ = {isa = PBXFileReference; lastKnownFileType = sourcecode.swift; path = AppDelegate.swift; sourceTree = "<group>"; };
		EEBF5BE922B8C91F00A4F317 /* ViewController.swift */ = {isa = PBXFileReference; lastKnownFileType = sourcecode.swift; path = ViewController.swift; sourceTree = "<group>"; };
		EEBF5BEC22B8C91F00A4F317 /* Base */ = {isa = PBXFileReference; lastKnownFileType = file.storyboard; name = Base; path = Base.lproj/Main.storyboard; sourceTree = "<group>"; };
		EEBF5BEE22B8C92300A4F317 /* Assets.xcassets */ = {isa = PBXFileReference; lastKnownFileType = folder.assetcatalog; path = Assets.xcassets; sourceTree = "<group>"; };
		EEBF5BF122B8C92300A4F317 /* Base */ = {isa = PBXFileReference; lastKnownFileType = file.storyboard; name = Base; path = Base.lproj/LaunchScreen.storyboard; sourceTree = "<group>"; };
		EEBF5BF322B8C92300A4F317 /* Info.plist */ = {isa = PBXFileReference; lastKnownFileType = text.plist.xml; path = Info.plist; sourceTree = "<group>"; };
		EEBF5BF822B8C92300A4F317 /* unitravelspracTests.xctest */ = {isa = PBXFileReference; explicitFileType = wrapper.cfbundle; includeInIndex = 0; path = unitravelspracTests.xctest; sourceTree = BUILT_PRODUCTS_DIR; };
		EEBF5BFC22B8C92300A4F317 /* unitravelspracTests.swift */ = {isa = PBXFileReference; lastKnownFileType = sourcecode.swift; path = unitravelspracTests.swift; sourceTree = "<group>"; };
		EEBF5BFE22B8C92300A4F317 /* Info.plist */ = {isa = PBXFileReference; lastKnownFileType = text.plist.xml; path = Info.plist; sourceTree = "<group>"; };
		EEBF5C0A22B8CEFD00A4F317 /* SignUpVC.swift */ = {isa = PBXFileReference; lastKnownFileType = sourcecode.swift; path = SignUpVC.swift; sourceTree = "<group>"; };
/* End PBXFileReference section */

/* Begin PBXFrameworksBuildPhase section */
		EEBF5BE122B8C91F00A4F317 /* Frameworks */ = {
			isa = PBXFrameworksBuildPhase;
			buildActionMask = 2147483647;
			files = (
			);
			runOnlyForDeploymentPostprocessing = 0;
		};
		EEBF5BF522B8C92300A4F317 /* Frameworks */ = {
			isa = PBXFrameworksBuildPhase;
			buildActionMask = 2147483647;
			files = (
			);
			runOnlyForDeploymentPostprocessing = 0;
		};
/* End PBXFrameworksBuildPhase section */

/* Begin PBXGroup section */
		EEBF5BDB22B8C91F00A4F317 = {
			isa = PBXGroup;
			children = (
				EEBF5BE622B8C91F00A4F317 /* unitravelsprac */,
				EEBF5BFB22B8C92300A4F317 /* unitravelspracTests */,
				EEBF5BE522B8C91F00A4F317 /* Products */,
			);
			sourceTree = "<group>";
		};
		EEBF5BE522B8C91F00A4F317 /* Products */ = {
			isa = PBXGroup;
			children = (
				EEBF5BE422B8C91F00A4F317 /* unitravelsprac.app */,
				EEBF5BF822B8C92300A4F317 /* unitravelspracTests.xctest */,
			);
			name = Products;
			sourceTree = "<group>";
		};
		EEBF5BE622B8C91F00A4F317 /* unitravelsprac */ = {
			isa = PBXGroup;
			children = (
				EEBF5BE722B8C91F00A4F317 /* AppDelegate.swift */,
				EEBF5BE922B8C91F00A4F317 /* ViewController.swift */,
				EEBF5BEB22B8C91F00A4F317 /* Main.storyboard */,
				EEBF5BEE22B8C92300A4F317 /* Assets.xcassets */,
				EEBF5BF022B8C92300A4F317 /* LaunchScreen.storyboard */,
				EEBF5BF322B8C92300A4F317 /* Info.plist */,
				EEBF5C0A22B8CEFD00A4F317 /* SignUpVC.swift */,
			);
			path = unitravelsprac;
			sourceTree = "<group>";
		};
		EEBF5BFB22B8C92300A4F317 /* unitravelspracTests */ = {
			isa = PBXGroup;
			children = (
				EEBF5BFC22B8C92300A4F317 /* unitravelspracTests.swift */,
				EEBF5BFE22B8C92300A4F317 /* Info.plist */,
			);
			path = unitravelspracTests;
			sourceTree = "<group>";
		};
/* End PBXGroup section */

/* Begin PBXNativeTarget section */
		EEBF5BE322B8C91F00A4F317 /* unitravelsprac */ = {
			isa = PBXNativeTarget;
			buildConfigurationList = EEBF5C0122B8C92300A4F317 /* Build configuration list for PBXNativeTarget "unitravelsprac" */;
			buildPhases = (
				EEBF5BE022B8C91F00A4F317 /* Sources */,
				EEBF5BE122B8C91F00A4F317 /* Frameworks */,
				EEBF5BE222B8C91F00A4F317 /* Resources */,
			);
			buildRules = (
			);
			dependencies = (
			);
			name = unitravelsprac;
			productName = unitravelsprac;
			productReference = EEBF5BE422B8C91F00A4F317 /* unitravelsprac.app */;
			productType = "com.apple.product-type.application";
		};
		EEBF5BF722B8C92300A4F317 /* unitravelspracTests */ = {
			isa = PBXNativeTarget;
			buildConfigurationList = EEBF5C0422B8C92300A4F317 /* Build configuration list for PBXNativeTarget "unitravelspracTests" */;
			buildPhases = (
				EEBF5BF422B8C92300A4F317 /* Sources */,
				EEBF5BF522B8C92300A4F317 /* Frameworks */,
				EEBF5BF622B8C92300A4F317 /* Resources */,
			);
			buildRules = (
			);
			dependencies = (
				EEBF5BFA22B8C92300A4F317 /* PBXTargetDependency */,
			);
			name = unitravelspracTests;
			productName = unitravelspracTests;
			productReference = EEBF5BF822B8C92300A4F317 /* unitravelspracTests.xctest */;
			productType = "com.apple.product-type.bundle.unit-test";
		};
/* End PBXNativeTarget section */

/* Begin PBXProject section */
		EEBF5BDC22B8C91F00A4F317 /* Project object */ = {
			isa = PBXProject;
			attributes = {
				LastSwiftUpdateCheck = 1020;
				LastUpgradeCheck = 1020;
				ORGANIZATIONNAME = "Tiyari Harshita";
				TargetAttributes = {
					EEBF5BE322B8C91F00A4F317 = {
						CreatedOnToolsVersion = 10.2.1;
					};
					EEBF5BF722B8C92300A4F317 = {
						CreatedOnToolsVersion = 10.2.1;
						TestTargetID = EEBF5BE322B8C91F00A4F317;
					};
				};
			};
			buildConfigurationList = EEBF5BDF22B8C91F00A4F317 /* Build configuration list for PBXProject "unitravelsprac" */;
			compatibilityVersion = "Xcode 9.3";
			developmentRegion = en;
			hasScannedForEncodings = 0;
			knownRegions = (
				en,
				Base,
			);
			mainGroup = EEBF5BDB22B8C91F00A4F317;
			productRefGroup = EEBF5BE522B8C91F00A4F317 /* Products */;
			projectDirPath = "";
			projectRoot = "";
			targets = (
				EEBF5BE322B8C91F00A4F317 /* unitravelsprac */,
				EEBF5BF722B8C92300A4F317 /* unitravelspracTests */,
			);
		};
/* End PBXProject section */

/* Begin PBXResourcesBuildPhase section */
		EEBF5BE222B8C91F00A4F317 /* Resources */ = {
			isa = PBXResourcesBuildPhase;
			buildActionMask = 2147483647;
			files = (
				EEBF5BF222B8C92300A4F317 /* LaunchScreen.storyboard in Resources */,
				EEBF5BEF22B8C92300A4F317 /* Assets.xcassets in Resources */,
				EEBF5BED22B8C91F00A4F317 /* Main.storyboard in Resources */,
			);
			runOnlyForDeploymentPostprocessing = 0;
		};
		EEBF5BF622B8C92300A4F317 /* Resources */ = {
			isa = PBXResourcesBuildPhase;
			buildActionMask = 2147483647;
			files = (
			);
			runOnlyForDeploymentPostprocessing = 0;
		};
/* End PBXResourcesBuildPhase section */

/* Begin PBXSourcesBuildPhase section */
		EEBF5BE022B8C91F00A4F317 /* Sources */ = {
			isa = PBXSourcesBuildPhase;
			buildActionMask = 2147483647;
			files = (
				EEBF5BEA22B8C91F00A4F317 /* ViewController.swift in Sources */,
				EEBF5C0B22B8CEFD00A4F317 /* SignUpVC.swift in Sources */,
				EEBF5BE822B8C91F00A4F317 /* AppDelegate.swift in Sources */,
			);
			runOnlyForDeploymentPostprocessing = 0;
		};
		EEBF5BF422B8C92300A4F317 /* Sources */ = {
			isa = PBXSourcesBuildPhase;
			buildActionMask = 2147483647;
			files = (
				EEBF5C0C22B8CEFD00A4F317 /* SignUpVC.swift in Sources */,
				EEBF5BFD22B8C92300A4F317 /* unitravelspracTests.swift in Sources */,
			);
			runOnlyForDeploymentPostprocessing = 0;
		};
/* End PBXSourcesBuildPhase section */

/* Begin PBXTargetDependency section */
		EEBF5BFA22B8C92300A4F317 /* PBXTargetDependency */ = {
			isa = PBXTargetDependency;
			target = EEBF5BE322B8C91F00A4F317 /* unitravelsprac */;
			targetProxy = EEBF5BF922B8C92300A4F317 /* PBXContainerItemProxy */;
		};
/* End PBXTargetDependency section */

/* Begin PBXVariantGroup section */
		EEBF5BEB22B8C91F00A4F317 /* Main.storyboard */ = {
			isa = PBXVariantGroup;
			children = (
				EEBF5BEC22B8C91F00A4F317 /* Base */,
			);
			name = Main.storyboard;
			sourceTree = "<group>";
		};
		EEBF5BF022B8C92300A4F317 /* LaunchScreen.storyboard */ = {
			isa = PBXVariantGroup;
			children = (
				EEBF5BF122B8C92300A4F317 /* Base */,
			);
			name = LaunchScreen.storyboard;
			sourceTree = "<group>";
		};
/* End PBXVariantGroup section */

/* Begin XCBuildConfiguration section */
		EEBF5BFF22B8C92300A4F317 /* Debug */ = {
			isa = XCBuildConfiguration;
			buildSettings = {
				ALWAYS_SEARCH_USER_PATHS = NO;
				CLANG_ANALYZER_NONNULL = YES;
				CLANG_ANALYZER_NUMBER_OBJECT_CONVERSION = YES_AGGRESSIVE;
				CLANG_CXX_LANGUAGE_STANDARD = "gnu++14";
				CLANG_CXX_LIBRARY = "libc++";
				CLANG_ENABLE_MODULES = YES;
				CLANG_ENABLE_OBJC_ARC = YES;
				CLANG_ENABLE_OBJC_WEAK = YES;
				CLANG_WARN_BLOCK_CAPTURE_AUTORELEASING = YES;
				CLANG_WARN_BOOL_CONVERSION = YES;
				CLANG_WARN_COMMA = YES;
				CLANG_WARN_CONSTANT_CONVERSION = YES;
				CLANG_WARN_DEPRECATED_OBJC_IMPLEMENTATIONS = YES;
				CLANG_WARN_DIRECT_OBJC_ISA_USAGE = YES_ERROR;
				CLANG_WARN_DOCUMENTATION_COMMENTS = YES;
				CLANG_WARN_EMPTY_BODY = YES;
				CLANG_WARN_ENUM_CONVERSION = YES;
				CLANG_WARN_INFINITE_RECURSION = YES;
				CLANG_WARN_INT_CONVERSION = YES;
				CLANG_WARN_NON_LITERAL_NULL_CONVERSION = YES;
				CLANG_WARN_OBJC_IMPLICIT_RETAIN_SELF = YES;
				CLANG_WARN_OBJC_LITERAL_CONVERSION = YES;
				CLANG_WARN_OBJC_ROOT_CLASS = YES_ERROR;
				CLANG_WARN_RANGE_LOOP_ANALYSIS = YES;
				CLANG_WARN_STRICT_PROTOTYPES = YES;
				CLANG_WARN_SUSPICIOUS_MOVE = YES;
				CLANG_WARN_UNGUARDED_AVAILABILITY = YES_AGGRESSIVE;
				CLANG_WARN_UNREACHABLE_CODE = YES;
				CLANG_WARN__DUPLICATE_METHOD_MATCH = YES;
				CODE_SIGN_IDENTITY = "iPhone Developer";
				COPY_PHASE_STRIP = NO;
				DEBUG_INFORMATION_FORMAT = dwarf;
				ENABLE_STRICT_OBJC_MSGSEND = YES;
				ENABLE_TESTABILITY = YES;
				GCC_C_LANGUAGE_STANDARD = gnu11;
				GCC_DYNAMIC_NO_PIC = NO;
				GCC_NO_COMMON_BLOCKS = YES;
				GCC_OPTIMIZATION_LEVEL = 0;
				GCC_PREPROCESSOR_DEFINITIONS = (
					"DEBUG=1",
					"$(inherited)",
				);
				GCC_WARN_64_TO_32_BIT_CONVERSION = YES;
				GCC_WARN_ABOUT_RETURN_TYPE = YES_ERROR;
				GCC_WARN_UNDECLARED_SELECTOR = YES;
				GCC_WARN_UNINITIALIZED_AUTOS = YES_AGGRESSIVE;
				GCC_WARN_UNUSED_FUNCTION = YES;
				GCC_WARN_UNUSED_VARIABLE = YES;
				IPHONEOS_DEPLOYMENT_TARGET = 12.2;
				MTL_ENABLE_DEBUG_INFO = INCLUDE_SOURCE;
				MTL_FAST_MATH = YES;
				ONLY_ACTIVE_ARCH = YES;
				SDKROOT = iphoneos;
				SWIFT_ACTIVE_COMPILATION_CONDITIONS = DEBUG;
				SWIFT_OPTIMIZATION_LEVEL = "-Onone";
			};
			name = Debug;
		};
		EEBF5C0022B8C92300A4F317 /* Release */ = {
			isa = XCBuildConfiguration;
			buildSettings = {
				ALWAYS_SEARCH_USER_PATHS = NO;
				CLANG_ANALYZER_NONNULL = YES;
				CLANG_ANALYZER_NUMBER_OBJECT_CONVERSION = YES_AGGRESSIVE;
				CLANG_CXX_LANGUAGE_STANDARD = "gnu++14";
				CLANG_CXX_LIBRARY = "libc++";
				CLANG_ENABLE_MODULES = YES;
				CLANG_ENABLE_OBJC_ARC = YES;
				CLANG_ENABLE_OBJC_WEAK = YES;
				CLANG_WARN_BLOCK_CAPTURE_AUTORELEASING = YES;
				CLANG_WARN_BOOL_CONVERSION = YES;
				CLANG_WARN_COMMA = YES;
				CLANG_WARN_CONSTANT_CONVERSION = YES;
				CLANG_WARN_DEPRECATED_OBJC_IMPLEMENTATIONS = YES;
				CLANG_WARN_DIRECT_OBJC_ISA_USAGE = YES_ERROR;
				CLANG_WARN_DOCUMENTATION_COMMENTS = YES;
				CLANG_WARN_EMPTY_BODY = YES;
				CLANG_WARN_ENUM_CONVERSION = YES;
				CLANG_WARN_INFINITE_RECURSION = YES;
				CLANG_WARN_INT_CONVERSION = YES;
				CLANG_WARN_NON_LITERAL_NULL_CONVERSION = YES;
				CLANG_WARN_OBJC_IMPLICIT_RETAIN_SELF = YES;
				CLANG_WARN_OBJC_LITERAL_CONVERSION = YES;
				CLANG_WARN_OBJC_ROOT_CLASS = YES_ERROR;
				CLANG_WARN_RANGE_LOOP_ANALYSIS = YES;
				CLANG_WARN_STRICT_PROTOTYPES = YES;
				CLANG_WARN_SUSPICIOUS_MOVE = YES;
				CLANG_WARN_UNGUARDED_AVAILABILITY = YES_AGGRESSIVE;
				CLANG_WARN_UNREACHABLE_CODE = YES;
				CLANG_WARN__DUPLICATE_METHOD_MATCH = YES;
				CODE_SIGN_IDENTITY = "iPhone Developer";
				COPY_PHASE_STRIP = NO;
				DEBUG_INFORMATION_FORMAT = "dwarf-with-dsym";
				ENABLE_NS_ASSERTIONS = NO;
				ENABLE_STRICT_OBJC_MSGSEND = YES;
				GCC_C_LANGUAGE_STANDARD = gnu11;
				GCC_NO_COMMON_BLOCKS = YES;
				GCC_WARN_64_TO_32_BIT_CONVERSION = YES;
				GCC_WARN_ABOUT_RETURN_TYPE = YES_ERROR;
				GCC_WARN_UNDECLARED_SELECTOR = YES;
				GCC_WARN_UNINITIALIZED_AUTOS = YES_AGGRESSIVE;
				GCC_WARN_UNUSED_FUNCTION = YES;
				GCC_WARN_UNUSED_VARIABLE = YES;
				IPHONEOS_DEPLOYMENT_TARGET = 12.2;
				MTL_ENABLE_DEBUG_INFO = NO;
				MTL_FAST_MATH = YES;
				SDKROOT = iphoneos;
				SWIFT_COMPILATION_MODE = wholemodule;
				SWIFT_OPTIMIZATION_LEVEL = "-O";
				VALIDATE_PRODUCT = YES;
			};
			name = Release;
		};
		EEBF5C0222B8C92300A4F317 /* Debug */ = {
			isa = XCBuildConfiguration;
			buildSettings = {
				ASSETCATALOG_COMPILER_APPICON_NAME = AppIcon;
				CODE_SIGN_STYLE = Automatic;
				DEVELOPMENT_TEAM = NRU2UF2D77;
				INFOPLIST_FILE = unitravelsprac/Info.plist;
				LD_RUNPATH_SEARCH_PATHS = (
					"$(inherited)",
					"@executable_path/Frameworks",
				);
				PRODUCT_BUNDLE_IDENTIFIER = com.harshita.unitravelsprac;
				PRODUCT_NAME = "$(TARGET_NAME)";
				SWIFT_VERSION = 5.0;
				TARGETED_DEVICE_FAMILY = "1,2";
			};
			name = Debug;
		};
		EEBF5C0322B8C92300A4F317 /* Release */ = {
			isa = XCBuildConfiguration;
			buildSettings = {
				ASSETCATALOG_COMPILER_APPICON_NAME = AppIcon;
				CODE_SIGN_STYLE = Automatic;
				DEVELOPMENT_TEAM = NRU2UF2D77;
				INFOPLIST_FILE = unitravelsprac/Info.plist;
				LD_RUNPATH_SEARCH_PATHS = (
					"$(inherited)",
					"@executable_path/Frameworks",
				);
				PRODUCT_BUNDLE_IDENTIFIER = com.harshita.unitravelsprac;
				PRODUCT_NAME = "$(TARGET_NAME)";
				SWIFT_VERSION = 5.0;
				TARGETED_DEVICE_FAMILY = "1,2";
			};
			name = Release;
		};
		EEBF5C0522B8C92300A4F317 /* Debug */ = {
			isa = XCBuildConfiguration;
			buildSettings = {
				ALWAYS_EMBED_SWIFT_STANDARD_LIBRARIES = YES;
				BUNDLE_LOADER = "$(TEST_HOST)";
				CODE_SIGN_STYLE = Automatic;
				DEVELOPMENT_TEAM = NRU2UF2D77;
				INFOPLIST_FILE = unitravelspracTests/Info.plist;
				LD_RUNPATH_SEARCH_PATHS = (
					"$(inherited)",
					"@executable_path/Frameworks",
					"@loader_path/Frameworks",
				);
				PRODUCT_BUNDLE_IDENTIFIER = com.harshita.unitravelspracTests;
				PRODUCT_NAME = "$(TARGET_NAME)";
				SWIFT_VERSION = 5.0;
				TARGETED_DEVICE_FAMILY = "1,2";
				TEST_HOST = "$(BUILT_PRODUCTS_DIR)/unitravelsprac.app/unitravelsprac";
			};
			name = Debug;
		};
		EEBF5C0622B8C92300A4F317 /* Release */ = {
			isa = XCBuildConfiguration;
			buildSettings = {
				ALWAYS_EMBED_SWIFT_STANDARD_LIBRARIES = YES;
				BUNDLE_LOADER = "$(TEST_HOST)";
				CODE_SIGN_STYLE = Automatic;
				DEVELOPMENT_TEAM = NRU2UF2D77;
				INFOPLIST_FILE = unitravelspracTests/Info.plist;
				LD_RUNPATH_SEARCH_PATHS = (
					"$(inherited)",
					"@executable_path/Frameworks",
					"@loader_path/Frameworks",
				);
				PRODUCT_BUNDLE_IDENTIFIER = com.harshita.unitravelspracTests;
				PRODUCT_NAME = "$(TARGET_NAME)";
				SWIFT_VERSION = 5.0;
				TARGETED_DEVICE_FAMILY = "1,2";
				TEST_HOST = "$(BUILT_PRODUCTS_DIR)/unitravelsprac.app/unitravelsprac";
			};
			name = Release;
		};
/* End XCBuildConfiguration section */

/* Begin XCConfigurationList section */
		EEBF5BDF22B8C91F00A4F317 /* Build configuration list for PBXProject "unitravelsprac" */ = {
			isa = XCConfigurationList;
			buildConfigurations = (
				EEBF5BFF22B8C92300A4F317 /* Debug */,
				EEBF5C0022B8C92300A4F317 /* Release */,
			);
			defaultConfigurationIsVisible = 0;
			defaultConfigurationName = Release;
		};
		EEBF5C0122B8C92300A4F317 /* Build configuration list for PBXNativeTarget "unitravelsprac" */ = {
			isa = XCConfigurationList;
			buildConfigurations = (
				EEBF5C0222B8C92300A4F317 /* Debug */,
				EEBF5C0322B8C92300A4F317 /* Release */,
			);
			defaultConfigurationIsVisible = 0;
			defaultConfigurationName = Release;
		};
		EEBF5C0422B8C92300A4F317 /* Build configuration list for PBXNativeTarget "unitravelspracTests" */ = {
			isa = XCConfigurationList;
			buildConfigurations = (
				EEBF5C0522B8C92300A4F317 /* Debug */,
				EEBF5C0622B8C92300A4F317 /* Release */,
			);
			defaultConfigurationIsVisible = 0;
			defaultConfigurationName = Release;
		};
/* End XCConfigurationList section */
	};
	rootObject = EEBF5BDC22B8C91F00A4F317 /* Project object */;
}
