// !$*UTF8*$!
{
	archiveVersion = 1;
	classes = {
	};
	objectVersion = 51;
	objects = {

/* Begin PBXBuildFile section */
		175FDFC022E382A3001B9C66 /* GoogleService-Info.plist in Resources */ = {isa = PBXBuildFile; fileRef = 175FDFBF22E382A3001B9C66 /* GoogleService-Info.plist */; };
		175FDFC122E382A3001B9C66 /* GoogleService-Info.plist in Resources */ = {isa = PBXBuildFile; fileRef = 175FDFBF22E382A3001B9C66 /* GoogleService-Info.plist */; };
		179B64D722C4863F006E1748 /* AddItemVC.swift in Sources */ = {isa = PBXBuildFile; fileRef = 179B64D622C4863F006E1748 /* AddItemVC.swift */; };
		179B64D822C4863F006E1748 /* AddItemVC.swift in Sources */ = {isa = PBXBuildFile; fileRef = 179B64D622C4863F006E1748 /* AddItemVC.swift */; };
		179B64DA22C524AE006E1748 /* CurrentTripVC.swift in Sources */ = {isa = PBXBuildFile; fileRef = 179B64D922C524AE006E1748 /* CurrentTripVC.swift */; };
		179B64DB22C524AF006E1748 /* CurrentTripVC.swift in Sources */ = {isa = PBXBuildFile; fileRef = 179B64D922C524AE006E1748 /* CurrentTripVC.swift */; };
		3EF047183DD81AB4083608A3 /* Pods_unitravelsprac.framework in Frameworks */ = {isa = PBXBuildFile; fileRef = AA54DA6AF64064879D7FF917 /* Pods_unitravelsprac.framework */; };
		EE18E8CC22C5DA0A0010ED3F /* ItemModal.swift in Sources */ = {isa = PBXBuildFile; fileRef = EE18E8CB22C5DA0A0010ED3F /* ItemModal.swift */; };
		EE18E8CD22C5DA0A0010ED3F /* ItemModal.swift in Sources */ = {isa = PBXBuildFile; fileRef = EE18E8CB22C5DA0A0010ED3F /* ItemModal.swift */; };
		EE18E8FE22C8ABC80010ED3F /* ItemListTableVC.swift in Sources */ = {isa = PBXBuildFile; fileRef = EE18E8FD22C8ABC80010ED3F /* ItemListTableVC.swift */; };
		EE18E8FF22C8ABC80010ED3F /* ItemListTableVC.swift in Sources */ = {isa = PBXBuildFile; fileRef = EE18E8FD22C8ABC80010ED3F /* ItemListTableVC.swift */; };
		EE18E90122C8BAFB0010ED3F /* Item.swift in Sources */ = {isa = PBXBuildFile; fileRef = EE18E90022C8BAFB0010ED3F /* Item.swift */; };
		EE18E90222C8BAFB0010ED3F /* Item.swift in Sources */ = {isa = PBXBuildFile; fileRef = EE18E90022C8BAFB0010ED3F /* Item.swift */; };
		EE18E90422C9EF660010ED3F /* MemoriesTableVC.swift in Sources */ = {isa = PBXBuildFile; fileRef = EE18E90322C9EF660010ED3F /* MemoriesTableVC.swift */; };
		EE18E90522C9EF660010ED3F /* MemoriesTableVC.swift in Sources */ = {isa = PBXBuildFile; fileRef = EE18E90322C9EF660010ED3F /* MemoriesTableVC.swift */; };
		EE2144E222C38C2900402B53 /* NewTripVC.swift in Sources */ = {isa = PBXBuildFile; fileRef = EE2144E122C38C2900402B53 /* NewTripVC.swift */; };
		EE2144E322C38C2900402B53 /* NewTripVC.swift in Sources */ = {isa = PBXBuildFile; fileRef = EE2144E122C38C2900402B53 /* NewTripVC.swift */; };
		EE7BF7CA22B902C800EF3DC9 /* HomeVC.swift in Sources */ = {isa = PBXBuildFile; fileRef = EE7BF7C922B902C800EF3DC9 /* HomeVC.swift */; };
		EE7BF7CB22B902C800EF3DC9 /* HomeVC.swift in Sources */ = {isa = PBXBuildFile; fileRef = EE7BF7C922B902C800EF3DC9 /* HomeVC.swift */; };
		EE7BF7D022B91C6100EF3DC9 /* FirebaseAuthManager.swift in Sources */ = {isa = PBXBuildFile; fileRef = EE7BF7CF22B91C6100EF3DC9 /* FirebaseAuthManager.swift */; };
		EE7BF7D122B91C6100EF3DC9 /* FirebaseAuthManager.swift in Sources */ = {isa = PBXBuildFile; fileRef = EE7BF7CF22B91C6100EF3DC9 /* FirebaseAuthManager.swift */; };
		EE86AE5C22BF969000CAB5E8 /* UserModal.swift in Sources */ = {isa = PBXBuildFile; fileRef = EE86AE5B22BF969000CAB5E8 /* UserModal.swift */; };
		EE86AE5D22BF969000CAB5E8 /* UserModal.swift in Sources */ = {isa = PBXBuildFile; fileRef = EE86AE5B22BF969000CAB5E8 /* UserModal.swift */; };
		EE86AE5F22BFB03500CAB5E8 /* SettingsVC.swift in Sources */ = {isa = PBXBuildFile; fileRef = EE86AE5E22BFB03500CAB5E8 /* SettingsVC.swift */; };
		EE86AE6022BFB03500CAB5E8 /* SettingsVC.swift in Sources */ = {isa = PBXBuildFile; fileRef = EE86AE5E22BFB03500CAB5E8 /* SettingsVC.swift */; };
		EE9681DB22C39A9E00BEE281 /* TripModal.swift in Sources */ = {isa = PBXBuildFile; fileRef = EE9681DA22C39A9E00BEE281 /* TripModal.swift */; };
		EE9681DC22C39A9E00BEE281 /* TripModal.swift in Sources */ = {isa = PBXBuildFile; fileRef = EE9681DA22C39A9E00BEE281 /* TripModal.swift */; };
		EEA9031B22E6AC37006875EA /* PastTripModal.swift in Sources */ = {isa = PBXBuildFile; fileRef = EEA9031A22E6AC37006875EA /* PastTripModal.swift */; };
		EEA9031C22E6AC37006875EA /* PastTripModal.swift in Sources */ = {isa = PBXBuildFile; fileRef = EEA9031A22E6AC37006875EA /* PastTripModal.swift */; };
		EEA9031E22E6C097006875EA /* PastTripTableVC.swift in Sources */ = {isa = PBXBuildFile; fileRef = EEA9031D22E6C097006875EA /* PastTripTableVC.swift */; };
		EEA9031F22E6C097006875EA /* PastTripTableVC.swift in Sources */ = {isa = PBXBuildFile; fileRef = EEA9031D22E6C097006875EA /* PastTripTableVC.swift */; };
		EEBF5BE822B8C91F00A4F317 /* AppDelegate.swift in Sources */ = {isa = PBXBuildFile; fileRef = EEBF5BE722B8C91F00A4F317 /* AppDelegate.swift */; };
		EEBF5BEA22B8C91F00A4F317 /* ViewController.swift in Sources */ = {isa = PBXBuildFile; fileRef = EEBF5BE922B8C91F00A4F317 /* ViewController.swift */; };
		EEBF5BED22B8C91F00A4F317 /* Main.storyboard in Resources */ = {isa = PBXBuildFile; fileRef = EEBF5BEB22B8C91F00A4F317 /* Main.storyboard */; };
		EEBF5BEF22B8C92300A4F317 /* Assets.xcassets in Resources */ = {isa = PBXBuildFile; fileRef = EEBF5BEE22B8C92300A4F317 /* Assets.xcassets */; };
		EEBF5BF222B8C92300A4F317 /* LaunchScreen.storyboard in Resources */ = {isa = PBXBuildFile; fileRef = EEBF5BF022B8C92300A4F317 /* LaunchScreen.storyboard */; };
		EEBF5BFD22B8C92300A4F317 /* unitravelspracTests.swift in Sources */ = {isa = PBXBuildFile; fileRef = EEBF5BFC22B8C92300A4F317 /* unitravelspracTests.swift */; };
		EEBF5C0B22B8CEFD00A4F317 /* SignUpVC.swift in Sources */ = {isa = PBXBuildFile; fileRef = EEBF5C0A22B8CEFD00A4F317 /* SignUpVC.swift */; };
		EEBF5C0C22B8CEFD00A4F317 /* SignUpVC.swift in Sources */ = {isa = PBXBuildFile; fileRef = EEBF5C0A22B8CEFD00A4F317 /* SignUpVC.swift */; };
		EEEE89C822D9DF030080FD37 /* UploadMemoryVC.swift in Sources */ = {isa = PBXBuildFile; fileRef = EEEE89C722D9DF030080FD37 /* UploadMemoryVC.swift */; };
		EEEE89C922D9DF030080FD37 /* UploadMemoryVC.swift in Sources */ = {isa = PBXBuildFile; fileRef = EEEE89C722D9DF030080FD37 /* UploadMemoryVC.swift */; };
		EEEE89CB22D9F0250080FD37 /* ImageTVCell.swift in Sources */ = {isa = PBXBuildFile; fileRef = EEEE89CA22D9F0250080FD37 /* ImageTVCell.swift */; };
		EEEE89CC22D9F0250080FD37 /* ImageTVCell.swift in Sources */ = {isa = PBXBuildFile; fileRef = EEEE89CA22D9F0250080FD37 /* ImageTVCell.swift */; };
		FBFAA3C5CFF67AACFA6F04B2 /* Pods_unitravelspracTests.framework in Frameworks */ = {isa = PBXBuildFile; fileRef = 2195BD06B098B3F7AEE332F5 /* Pods_unitravelspracTests.framework */; };
/* End PBXBuildFile section */

/* Begin PBXContainerItemProxy section */
		EEBF5BF922B8C92300A4F317 /* PBXContainerItemProxy */ = {
			isa = PBXContainerItemProxy;
			containerPortal = EEBF5BDC22B8C91F00A4F317 /* Project object */;
			proxyType = 1;
			remoteGlobalIDString = EEBF5BE322B8C91F00A4F317;
			remoteInfo = unitravelsprac;
		};
/* End PBXContainerItemProxy section */

/* Begin PBXFileReference section */
		175FDFBF22E382A3001B9C66 /* GoogleService-Info.plist */ = {isa = PBXFileReference; fileEncoding = 4; lastKnownFileType = text.plist.xml; path = "GoogleService-Info.plist"; sourceTree = "<group>"; };
		179B64D622C4863F006E1748 /* AddItemVC.swift */ = {isa = PBXFileReference; lastKnownFileType = sourcecode.swift; path = AddItemVC.swift; sourceTree = "<group>"; };
		179B64D922C524AE006E1748 /* CurrentTripVC.swift */ = {isa = PBXFileReference; lastKnownFileType = sourcecode.swift; path = CurrentTripVC.swift; sourceTree = "<group>"; };
		2195BD06B098B3F7AEE332F5 /* Pods_unitravelspracTests.framework */ = {isa = PBXFileReference; explicitFileType = wrapper.framework; includeInIndex = 0; path = Pods_unitravelspracTests.framework; sourceTree = BUILT_PRODUCTS_DIR; };
		38A260732B8ABD3A3939B95A /* Pods-unitravelspracTests.debug.xcconfig */ = {isa = PBXFileReference; includeInIndex = 1; lastKnownFileType = text.xcconfig; name = "Pods-unitravelspracTests.debug.xcconfig"; path = "Target Support Files/Pods-unitravelspracTests/Pods-unitravelspracTests.debug.xcconfig"; sourceTree = "<group>"; };
		AA54DA6AF64064879D7FF917 /* Pods_unitravelsprac.framework */ = {isa = PBXFileReference; explicitFileType = wrapper.framework; includeInIndex = 0; path = Pods_unitravelsprac.framework; sourceTree = BUILT_PRODUCTS_DIR; };
		C697AEEA4FA15DFCC85702E5 /* Pods-unitravelsprac.release.xcconfig */ = {isa = PBXFileReference; includeInIndex = 1; lastKnownFileType = text.xcconfig; name = "Pods-unitravelsprac.release.xcconfig"; path = "Target Support Files/Pods-unitravelsprac/Pods-unitravelsprac.release.xcconfig"; sourceTree = "<group>"; };
		D3D1DEC73537A388317CEF6E /* Pods-unitravelsprac.debug.xcconfig */ = {isa = PBXFileReference; includeInIndex = 1; lastKnownFileType = text.xcconfig; name = "Pods-unitravelsprac.debug.xcconfig"; path = "Target Support Files/Pods-unitravelsprac/Pods-unitravelsprac.debug.xcconfig"; sourceTree = "<group>"; };
		EE18E8CB22C5DA0A0010ED3F /* ItemModal.swift */ = {isa = PBXFileReference; lastKnownFileType = sourcecode.swift; path = ItemModal.swift; sourceTree = "<group>"; };
		EE18E8FD22C8ABC80010ED3F /* ItemListTableVC.swift */ = {isa = PBXFileReference; lastKnownFileType = sourcecode.swift; path = ItemListTableVC.swift; sourceTree = "<group>"; };
		EE18E90022C8BAFB0010ED3F /* Item.swift */ = {isa = PBXFileReference; lastKnownFileType = sourcecode.swift; path = Item.swift; sourceTree = "<group>"; };
		EE18E90322C9EF660010ED3F /* MemoriesTableVC.swift */ = {isa = PBXFileReference; lastKnownFileType = sourcecode.swift; path = MemoriesTableVC.swift; sourceTree = "<group>"; };
		EE2144E122C38C2900402B53 /* NewTripVC.swift */ = {isa = PBXFileReference; lastKnownFileType = sourcecode.swift; path = NewTripVC.swift; sourceTree = "<group>"; };
		EE7BF7C922B902C800EF3DC9 /* HomeVC.swift */ = {isa = PBXFileReference; lastKnownFileType = sourcecode.swift; path = HomeVC.swift; sourceTree = "<group>"; };
		EE7BF7CF22B91C6100EF3DC9 /* FirebaseAuthManager.swift */ = {isa = PBXFileReference; lastKnownFileType = sourcecode.swift; path = FirebaseAuthManager.swift; sourceTree = "<group>"; };
		EE86AE5B22BF969000CAB5E8 /* UserModal.swift */ = {isa = PBXFileReference; lastKnownFileType = sourcecode.swift; path = UserModal.swift; sourceTree = "<group>"; };
		EE86AE5E22BFB03500CAB5E8 /* SettingsVC.swift */ = {isa = PBXFileReference; lastKnownFileType = sourcecode.swift; path = SettingsVC.swift; sourceTree = "<group>"; };
		EE9681DA22C39A9E00BEE281 /* TripModal.swift */ = {isa = PBXFileReference; lastKnownFileType = sourcecode.swift; path = TripModal.swift; sourceTree = "<group>"; };
		EEA9031A22E6AC37006875EA /* PastTripModal.swift */ = {isa = PBXFileReference; lastKnownFileType = sourcecode.swift; path = PastTripModal.swift; sourceTree = "<group>"; };
		EEA9031D22E6C097006875EA /* PastTripTableVC.swift */ = {isa = PBXFileReference; lastKnownFileType = sourcecode.swift; path = PastTripTableVC.swift; sourceTree = "<group>"; };
		EEBF5BE422B8C91F00A4F317 /* unitravelsprac.app */ = {isa = PBXFileReference; explicitFileType = wrapper.application; includeInIndex = 0; path = unitravelsprac.app; sourceTree = BUILT_PRODUCTS_DIR; };
		EEBF5BE722B8C91F00A4F317 /* AppDelegate.swift */ = {isa = PBXFileReference; lastKnownFileType = sourcecode.swift; path = AppDelegate.swift; sourceTree = "<group>"; };
		EEBF5BE922B8C91F00A4F317 /* ViewController.swift */ = {isa = PBXFileReference; lastKnownFileType = sourcecode.swift; path = ViewController.swift; sourceTree = "<group>"; };
		EEBF5BEC22B8C91F00A4F317 /* Base */ = {isa = PBXFileReference; lastKnownFileType = file.storyboard; name = Base; path = Base.lproj/Main.storyboard; sourceTree = "<group>"; };
		EEBF5BEE22B8C92300A4F317 /* Assets.xcassets */ = {isa = PBXFileReference; lastKnownFileType = folder.assetcatalog; path = Assets.xcassets; sourceTree = "<group>"; };
		EEBF5BF122B8C92300A4F317 /* Base */ = {isa = PBXFileReference; lastKnownFileType = file.storyboard; name = Base; path = Base.lproj/LaunchScreen.storyboard; sourceTree = "<group>"; };
		EEBF5BF322B8C92300A4F317 /* Info.plist */ = {isa = PBXFileReference; lastKnownFileType = text.plist.xml; path = Info.plist; sourceTree = "<group>"; };
		EEBF5BF822B8C92300A4F317 /* unitravelspracTests.xctest */ = {isa = PBXFileReference; explicitFileType = wrapper.cfbundle; includeInIndex = 0; path = unitravelspracTests.xctest; sourceTree = BUILT_PRODUCTS_DIR; };
		EEBF5BFC22B8C92300A4F317 /* unitravelspracTests.swift */ = {isa = PBXFileReference; lastKnownFileType = sourcecode.swift; path = unitravelspracTests.swift; sourceTree = "<group>"; };
		EEBF5BFE22B8C92300A4F317 /* Info.plist */ = {isa = PBXFileReference; lastKnownFileType = text.plist.xml; path = Info.plist; sourceTree = "<group>"; };
		EEBF5C0A22B8CEFD00A4F317 /* SignUpVC.swift */ = {isa = PBXFileReference; lastKnownFileType = sourcecode.swift; path = SignUpVC.swift; sourceTree = "<group>"; };
		EEEE89C722D9DF030080FD37 /* UploadMemoryVC.swift */ = {isa = PBXFileReference; lastKnownFileType = sourcecode.swift; path = UploadMemoryVC.swift; sourceTree = "<group>"; };
		EEEE89CA22D9F0250080FD37 /* ImageTVCell.swift */ = {isa = PBXFileReference; lastKnownFileType = sourcecode.swift; path = ImageTVCell.swift; sourceTree = "<group>"; };
		F2F4F70A3C0EFCA2D7343F75 /* Pods-unitravelspracTests.release.xcconfig */ = {isa = PBXFileReference; includeInIndex = 1; lastKnownFileType = text.xcconfig; name = "Pods-unitravelspracTests.release.xcconfig"; path = "Target Support Files/Pods-unitravelspracTests/Pods-unitravelspracTests.release.xcconfig"; sourceTree = "<group>"; };
/* End PBXFileReference section */

/* Begin PBXFrameworksBuildPhase section */
		EEBF5BE122B8C91F00A4F317 /* Frameworks */ = {
			isa = PBXFrameworksBuildPhase;
			buildActionMask = 2147483647;
			files = (
				3EF047183DD81AB4083608A3 /* Pods_unitravelsprac.framework in Frameworks */,
			);
			runOnlyForDeploymentPostprocessing = 0;
		};
		EEBF5BF522B8C92300A4F317 /* Frameworks */ = {
			isa = PBXFrameworksBuildPhase;
			buildActionMask = 2147483647;
			files = (
				FBFAA3C5CFF67AACFA6F04B2 /* Pods_unitravelspracTests.framework in Frameworks */,
			);
			runOnlyForDeploymentPostprocessing = 0;
		};
/* End PBXFrameworksBuildPhase section */

/* Begin PBXGroup section */
		15F7247CFDA9357405E555F0 /* Pods */ = {
			isa = PBXGroup;
			children = (
				D3D1DEC73537A388317CEF6E /* Pods-unitravelsprac.debug.xcconfig */,
				C697AEEA4FA15DFCC85702E5 /* Pods-unitravelsprac.release.xcconfig */,
				38A260732B8ABD3A3939B95A /* Pods-unitravelspracTests.debug.xcconfig */,
				F2F4F70A3C0EFCA2D7343F75 /* Pods-unitravelspracTests.release.xcconfig */,
			);
			path = Pods;
			sourceTree = "<group>";
		};
		73B8B102B4835282B3A47D6D /* Frameworks */ = {
			isa = PBXGroup;
			children = (
				AA54DA6AF64064879D7FF917 /* Pods_unitravelsprac.framework */,
				2195BD06B098B3F7AEE332F5 /* Pods_unitravelspracTests.framework */,
			);
			name = Frameworks;
			sourceTree = "<group>";
		};
		EEBF5BDB22B8C91F00A4F317 = {
			isa = PBXGroup;
			children = (
				EEBF5BE622B8C91F00A4F317 /* unitravelsprac */,
				EEBF5BFB22B8C92300A4F317 /* unitravelspracTests */,
				EEBF5BE522B8C91F00A4F317 /* Products */,
				15F7247CFDA9357405E555F0 /* Pods */,
				73B8B102B4835282B3A47D6D /* Frameworks */,
			);
			sourceTree = "<group>";
		};
		EEBF5BE522B8C91F00A4F317 /* Products */ = {
			isa = PBXGroup;
			children = (
				EEBF5BE422B8C91F00A4F317 /* unitravelsprac.app */,
				EEBF5BF822B8C92300A4F317 /* unitravelspracTests.xctest */,
			);
			name = Products;
			sourceTree = "<group>";
		};
		EEBF5BE622B8C91F00A4F317 /* unitravelsprac */ = {
			isa = PBXGroup;
			children = (
				EEBF5BE722B8C91F00A4F317 /* AppDelegate.swift */,
				EEBF5BEB22B8C91F00A4F317 /* Main.storyboard */,
				EEBF5BEE22B8C92300A4F317 /* Assets.xcassets */,
				EEBF5BF022B8C92300A4F317 /* LaunchScreen.storyboard */,
				EEBF5BE922B8C91F00A4F317 /* ViewController.swift */,
				EEBF5C0A22B8CEFD00A4F317 /* SignUpVC.swift */,
				EE7BF7C922B902C800EF3DC9 /* HomeVC.swift */,
				EE86AE5E22BFB03500CAB5E8 /* SettingsVC.swift */,
				EE2144E122C38C2900402B53 /* NewTripVC.swift */,
				179B64D922C524AE006E1748 /* CurrentTripVC.swift */,
				179B64D622C4863F006E1748 /* AddItemVC.swift */,
				EE18E8FD22C8ABC80010ED3F /* ItemListTableVC.swift */,
				EE18E90322C9EF660010ED3F /* MemoriesTableVC.swift */,
				EEEE89CA22D9F0250080FD37 /* ImageTVCell.swift */,
				EEEE89C722D9DF030080FD37 /* UploadMemoryVC.swift */,
				EEA9031D22E6C097006875EA /* PastTripTableVC.swift */,
				EE7BF7CF22B91C6100EF3DC9 /* FirebaseAuthManager.swift */,
				EE86AE5B22BF969000CAB5E8 /* UserModal.swift */,
				EE9681DA22C39A9E00BEE281 /* TripModal.swift */,
				EE18E8CB22C5DA0A0010ED3F /* ItemModal.swift */,
				EEA9031A22E6AC37006875EA /* PastTripModal.swift */,
				EE18E90022C8BAFB0010ED3F /* Item.swift */,
				EEBF5BF322B8C92300A4F317 /* Info.plist */,
				175FDFBF22E382A3001B9C66 /* GoogleService-Info.plist */,
			);
			path = unitravelsprac;
			sourceTree = "<group>";
		};
		EEBF5BFB22B8C92300A4F317 /* unitravelspracTests */ = {
			isa = PBXGroup;
			children = (
				EEBF5BFC22B8C92300A4F317 /* unitravelspracTests.swift */,
				EEBF5BFE22B8C92300A4F317 /* Info.plist */,
			);
			path = unitravelspracTests;
			sourceTree = "<group>";
		};
/* End PBXGroup section */

/* Begin PBXNativeTarget section */
		EEBF5BE322B8C91F00A4F317 /* unitravelsprac */ = {
			isa = PBXNativeTarget;
			buildConfigurationList = EEBF5C0122B8C92300A4F317 /* Build configuration list for PBXNativeTarget "unitravelsprac" */;
			buildPhases = (
				72CD87778D6AF6F165F23DFE /* [CP] Check Pods Manifest.lock */,
				EEBF5BE022B8C91F00A4F317 /* Sources */,
				EEBF5BE122B8C91F00A4F317 /* Frameworks */,
				EEBF5BE222B8C91F00A4F317 /* Resources */,
				697A858F5B71F0590AE06BCA /* [CP] Embed Pods Frameworks */,
			);
			buildRules = (
			);
			dependencies = (
			);
			name = unitravelsprac;
			productName = unitravelsprac;
			productReference = EEBF5BE422B8C91F00A4F317 /* unitravelsprac.app */;
			productType = "com.apple.product-type.application";
		};
		EEBF5BF722B8C92300A4F317 /* unitravelspracTests */ = {
			isa = PBXNativeTarget;
			buildConfigurationList = EEBF5C0422B8C92300A4F317 /* Build configuration list for PBXNativeTarget "unitravelspracTests" */;
			buildPhases = (
				E9DB0C2C22E7FC52A4C40EB1 /* [CP] Check Pods Manifest.lock */,
				EEBF5BF422B8C92300A4F317 /* Sources */,
				EEBF5BF522B8C92300A4F317 /* Frameworks */,
				EEBF5BF622B8C92300A4F317 /* Resources */,
			);
			buildRules = (
			);
			dependencies = (
				EEBF5BFA22B8C92300A4F317 /* PBXTargetDependency */,
			);
			name = unitravelspracTests;
			productName = unitravelspracTests;
			productReference = EEBF5BF822B8C92300A4F317 /* unitravelspracTests.xctest */;
			productType = "com.apple.product-type.bundle.unit-test";
		};
/* End PBXNativeTarget section */

/* Begin PBXProject section */
		EEBF5BDC22B8C91F00A4F317 /* Project object */ = {
			isa = PBXProject;
			attributes = {
				LastSwiftUpdateCheck = 1020;
				LastUpgradeCheck = 1020;
				ORGANIZATIONNAME = "Tiyari Harshita";
				TargetAttributes = {
					EEBF5BE322B8C91F00A4F317 = {
						CreatedOnToolsVersion = 10.2.1;
					};
					EEBF5BF722B8C92300A4F317 = {
						CreatedOnToolsVersion = 10.2.1;
						TestTargetID = EEBF5BE322B8C91F00A4F317;
					};
				};
			};
			buildConfigurationList = EEBF5BDF22B8C91F00A4F317 /* Build configuration list for PBXProject "unitravelsprac" */;
			compatibilityVersion = "Xcode 9.3";
			developmentRegion = en;
			hasScannedForEncodings = 0;
			knownRegions = (
				en,
				Base,
			);
			mainGroup = EEBF5BDB22B8C91F00A4F317;
			productRefGroup = EEBF5BE522B8C91F00A4F317 /* Products */;
			projectDirPath = "";
			projectRoot = "";
			targets = (
				EEBF5BE322B8C91F00A4F317 /* unitravelsprac */,
				EEBF5BF722B8C92300A4F317 /* unitravelspracTests */,
			);
		};
/* End PBXProject section */

/* Begin PBXResourcesBuildPhase section */
		EEBF5BE222B8C91F00A4F317 /* Resources */ = {
			isa = PBXResourcesBuildPhase;
			buildActionMask = 2147483647;
			files = (
				EEBF5BF222B8C92300A4F317 /* LaunchScreen.storyboard in Resources */,
				175FDFC022E382A3001B9C66 /* GoogleService-Info.plist in Resources */,
				EEBF5BEF22B8C92300A4F317 /* Assets.xcassets in Resources */,
				EEBF5BED22B8C91F00A4F317 /* Main.storyboard in Resources */,
			);
			runOnlyForDeploymentPostprocessing = 0;
		};
		EEBF5BF622B8C92300A4F317 /* Resources */ = {
			isa = PBXResourcesBuildPhase;
			buildActionMask = 2147483647;
			files = (
				175FDFC122E382A3001B9C66 /* GoogleService-Info.plist in Resources */,
			);
			runOnlyForDeploymentPostprocessing = 0;
		};
/* End PBXResourcesBuildPhase section */

/* Begin PBXShellScriptBuildPhase section */
		697A858F5B71F0590AE06BCA /* [CP] Embed Pods Frameworks */ = {
			isa = PBXShellScriptBuildPhase;
			buildActionMask = 2147483647;
			files = (
			);
			inputFileListPaths = (
				"${PODS_ROOT}/Target Support Files/Pods-unitravelsprac/Pods-unitravelsprac-frameworks-${CONFIGURATION}-input-files.xcfilelist",
			);
			name = "[CP] Embed Pods Frameworks";
			outputFileListPaths = (
				"${PODS_ROOT}/Target Support Files/Pods-unitravelsprac/Pods-unitravelsprac-frameworks-${CONFIGURATION}-output-files.xcfilelist",
			);
			runOnlyForDeploymentPostprocessing = 0;
			shellPath = /bin/sh;
			shellScript = "\"${PODS_ROOT}/Target Support Files/Pods-unitravelsprac/Pods-unitravelsprac-frameworks.sh\"\n";
			showEnvVarsInLog = 0;
		};
		72CD87778D6AF6F165F23DFE /* [CP] Check Pods Manifest.lock */ = {
			isa = PBXShellScriptBuildPhase;
			buildActionMask = 2147483647;
			files = (
			);
			inputFileListPaths = (
			);
			inputPaths = (
				"${PODS_PODFILE_DIR_PATH}/Podfile.lock",
				"${PODS_ROOT}/Manifest.lock",
			);
			name = "[CP] Check Pods Manifest.lock";
			outputFileListPaths = (
			);
			outputPaths = (
				"$(DERIVED_FILE_DIR)/Pods-unitravelsprac-checkManifestLockResult.txt",
			);
			runOnlyForDeploymentPostprocessing = 0;
			shellPath = /bin/sh;
			shellScript = "diff \"${PODS_PODFILE_DIR_PATH}/Podfile.lock\" \"${PODS_ROOT}/Manifest.lock\" > /dev/null\nif [ $? != 0 ] ; then\n    # print error to STDERR\n    echo \"error: The sandbox is not in sync with the Podfile.lock. Run 'pod install' or update your CocoaPods installation.\" >&2\n    exit 1\nfi\n# This output is used by Xcode 'outputs' to avoid re-running this script phase.\necho \"SUCCESS\" > \"${SCRIPT_OUTPUT_FILE_0}\"\n";
			showEnvVarsInLog = 0;
		};
		E9DB0C2C22E7FC52A4C40EB1 /* [CP] Check Pods Manifest.lock */ = {
			isa = PBXShellScriptBuildPhase;
			buildActionMask = 2147483647;
			files = (
			);
			inputFileListPaths = (
			);
			inputPaths = (
				"${PODS_PODFILE_DIR_PATH}/Podfile.lock",
				"${PODS_ROOT}/Manifest.lock",
			);
			name = "[CP] Check Pods Manifest.lock";
			outputFileListPaths = (
			);
			outputPaths = (
				"$(DERIVED_FILE_DIR)/Pods-unitravelspracTests-checkManifestLockResult.txt",
			);
			runOnlyForDeploymentPostprocessing = 0;
			shellPath = /bin/sh;
			shellScript = "diff \"${PODS_PODFILE_DIR_PATH}/Podfile.lock\" \"${PODS_ROOT}/Manifest.lock\" > /dev/null\nif [ $? != 0 ] ; then\n    # print error to STDERR\n    echo \"error: The sandbox is not in sync with the Podfile.lock. Run 'pod install' or update your CocoaPods installation.\" >&2\n    exit 1\nfi\n# This output is used by Xcode 'outputs' to avoid re-running this script phase.\necho \"SUCCESS\" > \"${SCRIPT_OUTPUT_FILE_0}\"\n";
			showEnvVarsInLog = 0;
		};
/* End PBXShellScriptBuildPhase section */

/* Begin PBXSourcesBuildPhase section */
		EEBF5BE022B8C91F00A4F317 /* Sources */ = {
			isa = PBXSourcesBuildPhase;
			buildActionMask = 2147483647;
			files = (
				EE2144E222C38C2900402B53 /* NewTripVC.swift in Sources */,
				EE9681DB22C39A9E00BEE281 /* TripModal.swift in Sources */,
				EE86AE5C22BF969000CAB5E8 /* UserModal.swift in Sources */,
				EEA9031E22E6C097006875EA /* PastTripTableVC.swift in Sources */,
				EEBF5BEA22B8C91F00A4F317 /* ViewController.swift in Sources */,
				EE7BF7CA22B902C800EF3DC9 /* HomeVC.swift in Sources */,
				EE18E8CC22C5DA0A0010ED3F /* ItemModal.swift in Sources */,
				EEEE89C822D9DF030080FD37 /* UploadMemoryVC.swift in Sources */,
				179B64D722C4863F006E1748 /* AddItemVC.swift in Sources */,
				179B64DA22C524AE006E1748 /* CurrentTripVC.swift in Sources */,
				EEBF5C0B22B8CEFD00A4F317 /* SignUpVC.swift in Sources */,
				EE18E90122C8BAFB0010ED3F /* Item.swift in Sources */,
				EE18E8FE22C8ABC80010ED3F /* ItemListTableVC.swift in Sources */,
				EEA9031B22E6AC37006875EA /* PastTripModal.swift in Sources */,
				EEBF5BE822B8C91F00A4F317 /* AppDelegate.swift in Sources */,
				EE7BF7D022B91C6100EF3DC9 /* FirebaseAuthManager.swift in Sources */,
				EEEE89CB22D9F0250080FD37 /* ImageTVCell.swift in Sources */,
				EE86AE5F22BFB03500CAB5E8 /* SettingsVC.swift in Sources */,
				EE18E90422C9EF660010ED3F /* MemoriesTableVC.swift in Sources */,
			);
			runOnlyForDeploymentPostprocessing = 0;
		};
		EEBF5BF422B8C92300A4F317 /* Sources */ = {
			isa = PBXSourcesBuildPhase;
			buildActionMask = 2147483647;
			files = (
				EE7BF7CB22B902C800EF3DC9 /* HomeVC.swift in Sources */,
				EEEE89C922D9DF030080FD37 /* UploadMemoryVC.swift in Sources */,
				EE86AE5D22BF969000CAB5E8 /* UserModal.swift in Sources */,
				EE18E8CD22C5DA0A0010ED3F /* ItemModal.swift in Sources */,
				EEBF5C0C22B8CEFD00A4F317 /* SignUpVC.swift in Sources */,
				EE18E90222C8BAFB0010ED3F /* Item.swift in Sources */,
				EE18E8FF22C8ABC80010ED3F /* ItemListTableVC.swift in Sources */,
				EEA9031C22E6AC37006875EA /* PastTripModal.swift in Sources */,
				EE18E90522C9EF660010ED3F /* MemoriesTableVC.swift in Sources */,
				EE7BF7D122B91C6100EF3DC9 /* FirebaseAuthManager.swift in Sources */,
				EEEE89CC22D9F0250080FD37 /* ImageTVCell.swift in Sources */,
				EEBF5BFD22B8C92300A4F317 /* unitravelspracTests.swift in Sources */,
				EE86AE6022BFB03500CAB5E8 /* SettingsVC.swift in Sources */,
				EEA9031F22E6C097006875EA /* PastTripTableVC.swift in Sources */,
				EE2144E322C38C2900402B53 /* NewTripVC.swift in Sources */,
				179B64D822C4863F006E1748 /* AddItemVC.swift in Sources */,
				EE9681DC22C39A9E00BEE281 /* TripModal.swift in Sources */,
				179B64DB22C524AF006E1748 /* CurrentTripVC.swift in Sources */,
			);
			runOnlyForDeploymentPostprocessing = 0;
		};
/* End PBXSourcesBuildPhase section */

/* Begin PBXTargetDependency section */
		EEBF5BFA22B8C92300A4F317 /* PBXTargetDependency */ = {
			isa = PBXTargetDependency;
			target = EEBF5BE322B8C91F00A4F317 /* unitravelsprac */;
			targetProxy = EEBF5BF922B8C92300A4F317 /* PBXContainerItemProxy */;
		};
/* End PBXTargetDependency section */

/* Begin PBXVariantGroup section */
		EEBF5BEB22B8C91F00A4F317 /* Main.storyboard */ = {
			isa = PBXVariantGroup;
			children = (
				EEBF5BEC22B8C91F00A4F317 /* Base */,
			);
			name = Main.storyboard;
			sourceTree = "<group>";
		};
		EEBF5BF022B8C92300A4F317 /* LaunchScreen.storyboard */ = {
			isa = PBXVariantGroup;
			children = (
				EEBF5BF122B8C92300A4F317 /* Base */,
			);
			name = LaunchScreen.storyboard;
			sourceTree = "<group>";
		};
/* End PBXVariantGroup section */

/* Begin XCBuildConfiguration section */
		EEBF5BFF22B8C92300A4F317 /* Debug */ = {
			isa = XCBuildConfiguration;
			buildSettings = {
				ALWAYS_SEARCH_USER_PATHS = NO;
				CLANG_ANALYZER_NONNULL = YES;
				CLANG_ANALYZER_NUMBER_OBJECT_CONVERSION = YES_AGGRESSIVE;
				CLANG_CXX_LANGUAGE_STANDARD = "gnu++14";
				CLANG_CXX_LIBRARY = "libc++";
				CLANG_ENABLE_MODULES = YES;
				CLANG_ENABLE_OBJC_ARC = YES;
				CLANG_ENABLE_OBJC_WEAK = YES;
				CLANG_WARN_BLOCK_CAPTURE_AUTORELEASING = YES;
				CLANG_WARN_BOOL_CONVERSION = YES;
				CLANG_WARN_COMMA = YES;
				CLANG_WARN_CONSTANT_CONVERSION = YES;
				CLANG_WARN_DEPRECATED_OBJC_IMPLEMENTATIONS = YES;
				CLANG_WARN_DIRECT_OBJC_ISA_USAGE = YES_ERROR;
				CLANG_WARN_DOCUMENTATION_COMMENTS = YES;
				CLANG_WARN_EMPTY_BODY = YES;
				CLANG_WARN_ENUM_CONVERSION = YES;
				CLANG_WARN_INFINITE_RECURSION = YES;
				CLANG_WARN_INT_CONVERSION = YES;
				CLANG_WARN_NON_LITERAL_NULL_CONVERSION = YES;
				CLANG_WARN_OBJC_IMPLICIT_RETAIN_SELF = YES;
				CLANG_WARN_OBJC_LITERAL_CONVERSION = YES;
				CLANG_WARN_OBJC_ROOT_CLASS = YES_ERROR;
				CLANG_WARN_RANGE_LOOP_ANALYSIS = YES;
				CLANG_WARN_STRICT_PROTOTYPES = YES;
				CLANG_WARN_SUSPICIOUS_MOVE = YES;
				CLANG_WARN_UNGUARDED_AVAILABILITY = YES_AGGRESSIVE;
				CLANG_WARN_UNREACHABLE_CODE = YES;
				CLANG_WARN__DUPLICATE_METHOD_MATCH = YES;
				CODE_SIGN_IDENTITY = "iPhone Developer";
				COPY_PHASE_STRIP = NO;
				DEBUG_INFORMATION_FORMAT = dwarf;
				ENABLE_STRICT_OBJC_MSGSEND = YES;
				ENABLE_TESTABILITY = YES;
				GCC_C_LANGUAGE_STANDARD = gnu11;
				GCC_DYNAMIC_NO_PIC = NO;
				GCC_NO_COMMON_BLOCKS = YES;
				GCC_OPTIMIZATION_LEVEL = 0;
				GCC_PREPROCESSOR_DEFINITIONS = (
					"DEBUG=1",
					"$(inherited)",
				);
				GCC_WARN_64_TO_32_BIT_CONVERSION = YES;
				GCC_WARN_ABOUT_RETURN_TYPE = YES_ERROR;
				GCC_WARN_UNDECLARED_SELECTOR = YES;
				GCC_WARN_UNINITIALIZED_AUTOS = YES_AGGRESSIVE;
				GCC_WARN_UNUSED_FUNCTION = YES;
				GCC_WARN_UNUSED_VARIABLE = YES;
				IPHONEOS_DEPLOYMENT_TARGET = 12.2;
				MTL_ENABLE_DEBUG_INFO = INCLUDE_SOURCE;
				MTL_FAST_MATH = YES;
				ONLY_ACTIVE_ARCH = YES;
				SDKROOT = iphoneos;
				SWIFT_ACTIVE_COMPILATION_CONDITIONS = DEBUG;
				SWIFT_OPTIMIZATION_LEVEL = "-Onone";
			};
			name = Debug;
		};
		EEBF5C0022B8C92300A4F317 /* Release */ = {
			isa = XCBuildConfiguration;
			buildSettings = {
				ALWAYS_SEARCH_USER_PATHS = NO;
				CLANG_ANALYZER_NONNULL = YES;
				CLANG_ANALYZER_NUMBER_OBJECT_CONVERSION = YES_AGGRESSIVE;
				CLANG_CXX_LANGUAGE_STANDARD = "gnu++14";
				CLANG_CXX_LIBRARY = "libc++";
				CLANG_ENABLE_MODULES = YES;
				CLANG_ENABLE_OBJC_ARC = YES;
				CLANG_ENABLE_OBJC_WEAK = YES;
				CLANG_WARN_BLOCK_CAPTURE_AUTORELEASING = YES;
				CLANG_WARN_BOOL_CONVERSION = YES;
				CLANG_WARN_COMMA = YES;
				CLANG_WARN_CONSTANT_CONVERSION = YES;
				CLANG_WARN_DEPRECATED_OBJC_IMPLEMENTATIONS = YES;
				CLANG_WARN_DIRECT_OBJC_ISA_USAGE = YES_ERROR;
				CLANG_WARN_DOCUMENTATION_COMMENTS = YES;
				CLANG_WARN_EMPTY_BODY = YES;
				CLANG_WARN_ENUM_CONVERSION = YES;
				CLANG_WARN_INFINITE_RECURSION = YES;
				CLANG_WARN_INT_CONVERSION = YES;
				CLANG_WARN_NON_LITERAL_NULL_CONVERSION = YES;
				CLANG_WARN_OBJC_IMPLICIT_RETAIN_SELF = YES;
				CLANG_WARN_OBJC_LITERAL_CONVERSION = YES;
				CLANG_WARN_OBJC_ROOT_CLASS = YES_ERROR;
				CLANG_WARN_RANGE_LOOP_ANALYSIS = YES;
				CLANG_WARN_STRICT_PROTOTYPES = YES;
				CLANG_WARN_SUSPICIOUS_MOVE = YES;
				CLANG_WARN_UNGUARDED_AVAILABILITY = YES_AGGRESSIVE;
				CLANG_WARN_UNREACHABLE_CODE = YES;
				CLANG_WARN__DUPLICATE_METHOD_MATCH = YES;
				CODE_SIGN_IDENTITY = "iPhone Developer";
				COPY_PHASE_STRIP = NO;
				DEBUG_INFORMATION_FORMAT = "dwarf-with-dsym";
				ENABLE_NS_ASSERTIONS = NO;
				ENABLE_STRICT_OBJC_MSGSEND = YES;
				GCC_C_LANGUAGE_STANDARD = gnu11;
				GCC_NO_COMMON_BLOCKS = YES;
				GCC_WARN_64_TO_32_BIT_CONVERSION = YES;
				GCC_WARN_ABOUT_RETURN_TYPE = YES_ERROR;
				GCC_WARN_UNDECLARED_SELECTOR = YES;
				GCC_WARN_UNINITIALIZED_AUTOS = YES_AGGRESSIVE;
				GCC_WARN_UNUSED_FUNCTION = YES;
				GCC_WARN_UNUSED_VARIABLE = YES;
				IPHONEOS_DEPLOYMENT_TARGET = 12.2;
				MTL_ENABLE_DEBUG_INFO = NO;
				MTL_FAST_MATH = YES;
				SDKROOT = iphoneos;
				SWIFT_COMPILATION_MODE = wholemodule;
				SWIFT_OPTIMIZATION_LEVEL = "-O";
				VALIDATE_PRODUCT = YES;
			};
			name = Release;
		};
		EEBF5C0222B8C92300A4F317 /* Debug */ = {
			isa = XCBuildConfiguration;
			baseConfigurationReference = D3D1DEC73537A388317CEF6E /* Pods-unitravelsprac.debug.xcconfig */;
			buildSettings = {
				ASSETCATALOG_COMPILER_APPICON_NAME = AppIcon;
				CODE_SIGN_STYLE = Automatic;
				DEVELOPMENT_TEAM = C4YNYR985S;
				INFOPLIST_FILE = unitravelsprac/Info.plist;
				LD_RUNPATH_SEARCH_PATHS = (
					"$(inherited)",
					"@executable_path/Frameworks",
				);
				PRODUCT_BUNDLE_IDENTIFIER = com.harshita.unitravelsprac;
				PRODUCT_NAME = "$(TARGET_NAME)";
				SWIFT_VERSION = 5.0;
				TARGETED_DEVICE_FAMILY = "1,2";
			};
			name = Debug;
		};
		EEBF5C0322B8C92300A4F317 /* Release */ = {
			isa = XCBuildConfiguration;
			baseConfigurationReference = C697AEEA4FA15DFCC85702E5 /* Pods-unitravelsprac.release.xcconfig */;
			buildSettings = {
				ASSETCATALOG_COMPILER_APPICON_NAME = AppIcon;
				CODE_SIGN_STYLE = Automatic;
				DEVELOPMENT_TEAM = C4YNYR985S;
				INFOPLIST_FILE = unitravelsprac/Info.plist;
				LD_RUNPATH_SEARCH_PATHS = (
					"$(inherited)",
					"@executable_path/Frameworks",
				);
				PRODUCT_BUNDLE_IDENTIFIER = com.harshita.unitravelsprac;
				PRODUCT_NAME = "$(TARGET_NAME)";
				SWIFT_VERSION = 5.0;
				TARGETED_DEVICE_FAMILY = "1,2";
			};
			name = Release;
		};
		EEBF5C0522B8C92300A4F317 /* Debug */ = {
			isa = XCBuildConfiguration;
			baseConfigurationReference = 38A260732B8ABD3A3939B95A /* Pods-unitravelspracTests.debug.xcconfig */;
			buildSettings = {
				ALWAYS_EMBED_SWIFT_STANDARD_LIBRARIES = YES;
				BUNDLE_LOADER = "$(TEST_HOST)";
				CODE_SIGN_STYLE = Automatic;
				DEVELOPMENT_TEAM = NRU2UF2D77;
				INFOPLIST_FILE = unitravelspracTests/Info.plist;
				LD_RUNPATH_SEARCH_PATHS = (
					"$(inherited)",
					"@executable_path/Frameworks",
					"@loader_path/Frameworks",
				);
				PRODUCT_BUNDLE_IDENTIFIER = com.harshita.unitravelspracTests;
				PRODUCT_NAME = "$(TARGET_NAME)";
				SWIFT_VERSION = 5.0;
				TARGETED_DEVICE_FAMILY = "1,2";
				TEST_HOST = "$(BUILT_PRODUCTS_DIR)/unitravelsprac.app/unitravelsprac";
			};
			name = Debug;
		};
		EEBF5C0622B8C92300A4F317 /* Release */ = {
			isa = XCBuildConfiguration;
			baseConfigurationReference = F2F4F70A3C0EFCA2D7343F75 /* Pods-unitravelspracTests.release.xcconfig */;
			buildSettings = {
				ALWAYS_EMBED_SWIFT_STANDARD_LIBRARIES = YES;
				BUNDLE_LOADER = "$(TEST_HOST)";
				CODE_SIGN_STYLE = Automatic;
				DEVELOPMENT_TEAM = NRU2UF2D77;
				INFOPLIST_FILE = unitravelspracTests/Info.plist;
				LD_RUNPATH_SEARCH_PATHS = (
					"$(inherited)",
					"@executable_path/Frameworks",
					"@loader_path/Frameworks",
				);
				PRODUCT_BUNDLE_IDENTIFIER = com.harshita.unitravelspracTests;
				PRODUCT_NAME = "$(TARGET_NAME)";
				SWIFT_VERSION = 5.0;
				TARGETED_DEVICE_FAMILY = "1,2";
				TEST_HOST = "$(BUILT_PRODUCTS_DIR)/unitravelsprac.app/unitravelsprac";
			};
			name = Release;
		};
/* End XCBuildConfiguration section */

/* Begin XCConfigurationList section */
		EEBF5BDF22B8C91F00A4F317 /* Build configuration list for PBXProject "unitravelsprac" */ = {
			isa = XCConfigurationList;
			buildConfigurations = (
				EEBF5BFF22B8C92300A4F317 /* Debug */,
				EEBF5C0022B8C92300A4F317 /* Release */,
			);
			defaultConfigurationIsVisible = 0;
			defaultConfigurationName = Release;
		};
		EEBF5C0122B8C92300A4F317 /* Build configuration list for PBXNativeTarget "unitravelsprac" */ = {
			isa = XCConfigurationList;
			buildConfigurations = (
				EEBF5C0222B8C92300A4F317 /* Debug */,
				EEBF5C0322B8C92300A4F317 /* Release */,
			);
			defaultConfigurationIsVisible = 0;
			defaultConfigurationName = Release;
		};
		EEBF5C0422B8C92300A4F317 /* Build configuration list for PBXNativeTarget "unitravelspracTests" */ = {
			isa = XCConfigurationList;
			buildConfigurations = (
				EEBF5C0522B8C92300A4F317 /* Debug */,
				EEBF5C0622B8C92300A4F317 /* Release */,
			);
			defaultConfigurationIsVisible = 0;
			defaultConfigurationName = Release;
		};
/* End XCConfigurationList section */
	};
	rootObject = EEBF5BDC22B8C91F00A4F317 /* Project object */;
}
